{
  "name": "sri_ganesh_engineering",
  "lockfileVersion": 2,
  "requires": true,
  "packages": {
    "": {
      "dependencies": {
        "just-validate": "^4.3.0"
      }
    },
    "node_modules/just-validate": {
      "version": "4.3.0",
      "resolved": "https://registry.npmjs.org/just-validate/-/just-validate-4.3.0.tgz",
      "integrity": "sha512-9yS7ZnFk95vq+O7CAa7XZEJvZN5i6jTQWNhLwOjtgkSqiLxo7GZJhK8ViylP76fXPfHLs8tYWqi81XgxPF3OGA=="
    }
  },
  "dependencies": {
    "just-validate": {
      "version": "4.3.0",
      "resolved": "https://registry.npmjs.org/just-validate/-/just-validate-4.3.0.tgz",
      "integrity": "sha512-9yS7ZnFk95vq+O7CAa7XZEJvZN5i6jTQWNhLwOjtgkSqiLxo7GZJhK8ViylP76fXPfHLs8tYWqi81XgxPF3OGA=="
    }
  }
}
